
Microsoft Visual Studio Solution File, Format Version 12.00
# Visual Studio Version 17
VisualStudioVersion = 17.3.32819.101
MinimumVisualStudioVersion = 10.0.40219.1
Project("{9A19103F-16F7-4668-BE54-9A1E7A4F7556}") = "Cube Game", "Cube Game\Cube Game.csproj", "{75E69863-A7EA-483E-BD24-D1F4D7CE0CE1}"
EndProject
Project("{FAE04EC0-301F-11D3-BF4B-00C04F79EFBC}") = "Common", "Common\Common.csproj", "{6406E59E-5E07-4759-A6C6-F291B2C18638}"
EndProject
Project("{FAE04EC0-301F-11D3-BF4B-00C04F79EFBC}") = "Logic", "Logic\Logic.csproj", "{B1B468C3-65CB-4453-B180-0BB2DC3DC391}"
EndProject
Global
	GlobalSection(SolutionConfigurationPlatforms) = preSolution
		Debug|Any CPU = Debug|Any CPU
		Release|Any CPU = Release|Any CPU
	EndGlobalSection
	GlobalSection(ProjectConfigurationPlatforms) = postSolution
		{75E69863-A7EA-483E-BD24-D1F4D7CE0CE1}.Debug|Any CPU.ActiveCfg = Debug|Any CPU
		{75E69863-A7EA-483E-BD24-D1F4D7CE0CE1}.Debug|Any CPU.Build.0 = Debug|Any CPU
		{75E69863-A7EA-483E-BD24-D1F4D7CE0CE1}.Release|Any CPU.ActiveCfg = Release|Any CPU
		{75E69863-A7EA-483E-BD24-D1F4D7CE0CE1}.Release|Any CPU.Build.0 = Release|Any CPU
		{6406E59E-5E07-4759-A6C6-F291B2C18638}.Debug|Any CPU.ActiveCfg = Debug|Any CPU
		{6406E59E-5E07-4759-A6C6-F291B2C18638}.Debug|Any CPU.Build.0 = Debug|Any CPU
		{6406E59E-5E07-4759-A6C6-F291B2C18638}.Release|Any CPU.ActiveCfg = Release|Any CPU
		{6406E59E-5E07-4759-A6C6-F291B2C18638}.Release|Any CPU.Build.0 = Release|Any CPU
		{B1B468C3-65CB-4453-B180-0BB2DC3DC391}.Debug|Any CPU.ActiveCfg = Debug|Any CPU
		{B1B468C3-65CB-4453-B180-0BB2DC3DC391}.Debug|Any CPU.Build.0 = Debug|Any CPU
		{B1B468C3-65CB-4453-B180-0BB2DC3DC391}.Release|Any CPU.ActiveCfg = Release|Any CPU
		{B1B468C3-65CB-4453-B180-0BB2DC3DC391}.Release|Any CPU.Build.0 = Release|Any CPU
	EndGlobalSection
	GlobalSection(SolutionProperties) = preSolution
		HideSolutionNode = FALSE
	EndGlobalSection
	GlobalSection(ExtensibilityGlobals) = postSolution
		SolutionGuid = {645CBB79-3592-41EB-AD96-47B5E7FAA247}
	EndGlobalSection
EndGlobal
